
Microsoft Visual Studio Solution File, Format Version 12.00
# Visual Studio 15
VisualStudioVersion = 15.0.28307.1259
MinimumVisualStudioVersion = 10.0.40219.1
Project("{FAE04EC0-301F-11D3-BF4B-00C04F79EFBC}") = "ImageTransformTool", "ImageTransformTool\ImageTransformTool.csproj", "{B8459BA3-501B-4FD1-8EA1-BCDEA6CFE6CF}"
EndProject
Global
	GlobalSection(SolutionConfigurationPlatforms) = preSolution
		Debug|Any CPU = Debug|Any CPU
		Release|Any CPU = Release|Any CPU
	EndGlobalSection
	GlobalSection(ProjectConfigurationPlatforms) = postSolution
		{B8459BA3-501B-4FD1-8EA1-BCDEA6CFE6CF}.Debug|Any CPU.ActiveCfg = Debug|Any CPU
		{B8459BA3-501B-4FD1-8EA1-BCDEA6CFE6CF}.Debug|Any CPU.Build.0 = Debug|Any CPU
		{B8459BA3-501B-4FD1-8EA1-BCDEA6CFE6CF}.Release|Any CPU.ActiveCfg = Release|Any CPU
		{B8459BA3-501B-4FD1-8EA1-BCDEA6CFE6CF}.Release|Any CPU.Build.0 = Release|Any CPU
	EndGlobalSection
	GlobalSection(SolutionProperties) = preSolution
		HideSolutionNode = FALSE
	EndGlobalSection
	GlobalSection(ExtensibilityGlobals) = postSolution
		SolutionGuid = {5E4B6EE1-7E72-4650-B6A0-F31515466237}
	EndGlobalSection
EndGlobal
